// !$*UTF8*$!
{
	archiveVersion = 1;
	classes = {
	};
	objectVersion = 46;
	objects = {

/* Begin PBXBuildFile section */
		C73B36581CCED93F0040F46E /* main.m in Sources */ = {isa = PBXBuildFile; fileRef = C73B36571CCED93F0040F46E /* main.m */; };
		C73B36601CCED96E0040F46E /* NewClassMaker.m in Sources */ = {isa = PBXBuildFile; fileRef = C73B365F1CCED96E0040F46E /* NewClassMaker.m */; };
/* End PBXBuildFile section */

/* Begin PBXCopyFilesBuildPhase section */
		C73B36521CCED93F0040F46E /* CopyFiles */ = {
			isa = PBXCopyFilesBuildPhase;
			buildActionMask = 2147483647;
			dstPath = /usr/share/man/man1/;
			dstSubfolderSpec = 0;
			files = (
			);
			runOnlyForDeploymentPostprocessing = 1;
		};
/* End PBXCopyFilesBuildPhase section */

/* Begin PBXFileReference section */
		C73B36541CCED93F0040F46E /* NewClassMaker */ = {isa = PBXFileReference; explicitFileType = "compiled.mach-o.executable"; includeInIndex = 0; path = NewClassMaker; sourceTree = BUILT_PRODUCTS_DIR; };
		C73B36571CCED93F0040F46E /* main.m */ = {isa = PBXFileReference; lastKnownFileType = sourcecode.c.objc; path = main.m; sourceTree = "<group>"; };
		C73B365E1CCED96E0040F46E /* NewClassMaker.h */ = {isa = PBXFileReference; fileEncoding = 4; lastKnownFileType = sourcecode.c.h; path = NewClassMaker.h; sourceTree = "<group>"; };
		C73B365F1CCED96E0040F46E /* NewClassMaker.m */ = {isa = PBXFileReference; fileEncoding = 4; lastKnownFileType = sourcecode.c.objc; path = NewClassMaker.m; sourceTree = "<group>"; };
/* End PBXFileReference section */

/* Begin PBXFrameworksBuildPhase section */
		C73B36511CCED93F0040F46E /* Frameworks */ = {
			isa = PBXFrameworksBuildPhase;
			buildActionMask = 2147483647;
			files = (
			);
			runOnlyForDeploymentPostprocessing = 0;
		};
/* End PBXFrameworksBuildPhase section */

/* Begin PBXGroup section */
		C73B364B1CCED93F0040F46E = {
			isa = PBXGroup;
			children = (
				C73B36561CCED93F0040F46E /* NewClassMaker */,
				C73B36551CCED93F0040F46E /* Products */,
			);
			sourceTree = "<group>";
		};
		C73B36551CCED93F0040F46E /* Products */ = {
			isa = PBXGroup;
			children = (
				C73B36541CCED93F0040F46E /* NewClassMaker */,
			);
			name = Products;
			sourceTree = "<group>";
		};
		C73B36561CCED93F0040F46E /* NewClassMaker */ = {
			isa = PBXGroup;
			children = (
				C73B36571CCED93F0040F46E /* main.m */,
				C73B365E1CCED96E0040F46E /* NewClassMaker.h */,
				C73B365F1CCED96E0040F46E /* NewClassMaker.m */,
			);
			path = NewClassMaker;
			sourceTree = "<group>";
		};
/* End PBXGroup section */

/* Begin PBXNativeTarget section */
		C73B36531CCED93F0040F46E /* NewClassMaker */ = {
			isa = PBXNativeTarget;
			buildConfigurationList = C73B365B1CCED93F0040F46E /* Build configuration list for PBXNativeTarget "NewClassMaker" */;
			buildPhases = (
				C73B36501CCED93F0040F46E /* Sources */,
				C73B36511CCED93F0040F46E /* Frameworks */,
				C73B36521CCED93F0040F46E /* CopyFiles */,
			);
			buildRules = (
			);
			dependencies = (
			);
			name = NewClassMaker;
			productName = NewClassMaker;
			productReference = C73B36541CCED93F0040F46E /* NewClassMaker */;
			productType = "com.apple.product-type.tool";
		};
/* End PBXNativeTarget section */

/* Begin PBXProject section */
		C73B364C1CCED93F0040F46E /* Project object */ = {
			isa = PBXProject;
			attributes = {
				LastUpgradeCheck = 0730;
				ORGANIZATIONNAME = "Martin Stoufer";
				TargetAttributes = {
					C73B36531CCED93F0040F46E = {
						CreatedOnToolsVersion = 7.3;
					};
				};
			};
			buildConfigurationList = C73B364F1CCED93F0040F46E /* Build configuration list for PBXProject "NewClassMaker" */;
			compatibilityVersion = "Xcode 3.2";
			developmentRegion = English;
			hasScannedForEncodings = 0;
			knownRegions = (
				en,
			);
			mainGroup = C73B364B1CCED93F0040F46E;
			productRefGroup = C73B36551CCED93F0040F46E /* Products */;
			projectDirPath = "";
			projectRoot = "";
			targets = (
				C73B36531CCED93F0040F46E /* NewClassMaker */,
			);
		};
/* End PBXProject section */

/* Begin PBXSourcesBuildPhase section */
		C73B36501CCED93F0040F46E /* Sources */ = {
			isa = PBXSourcesBuildPhase;
			buildActionMask = 2147483647;
			files = (
				C73B36601CCED96E0040F46E /* NewClassMaker.m in Sources */,
				C73B36581CCED93F0040F46E /* main.m in Sources */,
			);
			runOnlyForDeploymentPostprocessing = 0;
		};
/* End PBXSourcesBuildPhase section */

/* Begin XCBuildConfiguration section */
		C73B36591CCED93F0040F46E /* Debug */ = {
			isa = XCBuildConfiguration;
			buildSettings = {
				ALWAYS_SEARCH_USER_PATHS = NO;
				CLANG_ANALYZER_NONNULL = YES;
				CLANG_CXX_LANGUAGE_STANDARD = "gnu++0x";
				CLANG_CXX_LIBRARY = "libc++";
				CLANG_ENABLE_MODULES = YES;
				CLANG_ENABLE_OBJC_ARC = YES;
				CLANG_WARN_BOOL_CONVERSION = YES;
				CLANG_WARN_CONSTANT_CONVERSION = YES;
				CLANG_WARN_DIRECT_OBJC_ISA_USAGE = YES_ERROR;
				CLANG_WARN_EMPTY_BODY = YES;
				CLANG_WARN_ENUM_CONVERSION = YES;
				CLANG_WARN_INT_CONVERSION = YES;
				CLANG_WARN_OBJC_ROOT_CLASS = YES_ERROR;
				CLANG_WARN_UNREACHABLE_CODE = YES;
				CLANG_WARN__DUPLICATE_METHOD_MATCH = YES;
				CODE_SIGN_IDENTITY = "-";
				COPY_PHASE_STRIP = NO;
				DEBUG_INFORMATION_FORMAT = dwarf;
				ENABLE_STRICT_OBJC_MSGSEND = YES;
				ENABLE_TESTABILITY = YES;
				GCC_C_LANGUAGE_STANDARD = gnu99;
				GCC_DYNAMIC_NO_PIC = NO;
				GCC_NO_COMMON_BLOCKS = YES;
				GCC_OPTIMIZATION_LEVEL = 0;
				GCC_PREPROCESSOR_DEFINITIONS = (
					"DEBUG=1",
					"$(inherited)",
				);
				GCC_WARN_64_TO_32_BIT_CONVERSION = YES;
				GCC_WARN_ABOUT_RETURN_TYPE = YES_ERROR;
				GCC_WARN_UNDECLARED_SELECTOR = YES;
				GCC_WARN_UNINITIALIZED_AUTOS = YES_AGGRESSIVE;
				GCC_WARN_UNUSED_FUNCTION = YES;
				GCC_WARN_UNUSED_VARIABLE = YES;
				MACOSX_DEPLOYMENT_TARGET = 10.11;
				MTL_ENABLE_DEBUG_INFO = YES;
				ONLY_ACTIVE_ARCH = YES;
				SDKROOT = macosx;
			};
			name = Debug;
		};
		C73B365A1CCED93F0040F46E /* Release */ = {
			isa = XCBuildConfiguration;
			buildSettings = {
				ALWAYS_SEARCH_USER_PATHS = NO;
				CLANG_ANALYZER_NONNULL = YES;
				CLANG_CXX_LANGUAGE_STANDARD = "gnu++0x";
				CLANG_CXX_LIBRARY = "libc++";
				CLANG_ENABLE_MODULES = YES;
				CLANG_ENABLE_OBJC_ARC = YES;
				CLANG_WARN_BOOL_CONVERSION = YES;
				CLANG_WARN_CONSTANT_CONVERSION = YES;
				CLANG_WARN_DIRECT_OBJC_ISA_USAGE = YES_ERROR;
				CLANG_WARN_EMPTY_BODY = YES;
				CLANG_WARN_ENUM_CONVERSION = YES;
				CLANG_WARN_INT_CONVERSION = YES;
				CLANG_WARN_OBJC_ROOT_CLASS = YES_ERROR;
				CLANG_WARN_UNREACHABLE_CODE = YES;
				CLANG_WARN__DUPLICATE_METHOD_MATCH = YES;
				CODE_SIGN_IDENTITY = "-";
				COPY_PHASE_STRIP = NO;
				DEBUG_INFORMATION_FORMAT = "dwarf-with-dsym";
				ENABLE_NS_ASSERTIONS = NO;
				ENABLE_STRICT_OBJC_MSGSEND = YES;
				GCC_C_LANGUAGE_STANDARD = gnu99;
				GCC_NO_COMMON_BLOCKS = YES;
				GCC_WARN_64_TO_32_BIT_CONVERSION = YES;
				GCC_WARN_ABOUT_RETURN_TYPE = YES_ERROR;
				GCC_WARN_UNDECLARED_SELECTOR = YES;
				GCC_WARN_UNINITIALIZED_AUTOS = YES_AGGRESSIVE;
				GCC_WARN_UNUSED_FUNCTION = YES;
				GCC_WARN_UNUSED_VARIABLE = YES;
				MACOSX_DEPLOYMENT_TARGET = 10.11;
				MTL_ENABLE_DEBUG_INFO = NO;
				SDKROOT = macosx;
			};
			name = Release;
		};
		C73B365C1CCED93F0040F46E /* Debug */ = {
			isa = XCBuildConfiguration;
			buildSettings = {
				PRODUCT_NAME = "$(TARGET_NAME)";
			};
			name = Debug;
		};
		C73B365D1CCED93F0040F46E /* Release */ = {
			isa = XCBuildConfiguration;
			buildSettings = {
				PRODUCT_NAME = "$(TARGET_NAME)";
			};
			name = Release;
		};
/* End XCBuildConfiguration section */

/* Begin XCConfigurationList section */
		C73B364F1CCED93F0040F46E /* Build configuration list for PBXProject "NewClassMaker" */ = {
			isa = XCConfigurationList;
			buildConfigurations = (
				C73B36591CCED93F0040F46E /* Debug */,
				C73B365A1CCED93F0040F46E /* Release */,
			);
			defaultConfigurationIsVisible = 0;
			defaultConfigurationName = Release;
		};
		C73B365B1CCED93F0040F46E /* Build configuration list for PBXNativeTarget "NewClassMaker" */ = {
			isa = XCConfigurationList;
			buildConfigurations = (
				C73B365C1CCED93F0040F46E /* Debug */,
				C73B365D1CCED93F0040F46E /* Release */,
			);
			defaultConfigurationIsVisible = 0;
		};
/* End XCConfigurationList section */
	};
	rootObject = C73B364C1CCED93F0040F46E /* Project object */;
}
